Microsoft Visual Studio Solution File, Format Version 12.00
# Visual Studio Version 16
VisualStudioVersion = 16.0.30204.135
MinimumVisualStudioVersion = 10.0.40219.1
Project("{9A19103F-16F7-4668-BE54-9A1E7A4F7556}") = "RelationalRedisAPI", "RelationalRedisAPI\RelationalRedisAPI.csproj", "{A84C2974-DA34-49C0-B8B3-E173CBE1E000}"
EndProject
Project("{9A19103F-16F7-4668-BE54-9A1E7A4F7556}") = "Data", "Data\Data.csproj", "{ED91EA2E-BDD5-4317-A4DF-B4CEF84507CA}"
EndProject
Project("{9A19103F-16F7-4668-BE54-9A1E7A4F7556}") = "Interfaces", "Interfaces\Interfaces.csproj", "{BF1A3DF7-4F11-49F8-B13F-A84BF8AA08D1}"
EndProject
Project("{9A19103F-16F7-4668-BE54-9A1E7A4F7556}") = "Adapters", "Adapters\Adapters.csproj", "{E5EB910D-04A5-4944-8B4F-CF4458BDCC14}"
EndProject
Project("{9A19103F-16F7-4668-BE54-9A1E7A4F7556}") = "RelationalRedisAPI.Tests", "RelationalRedisAPI.Tests\RelationalRedisAPI.Tests.csproj", "{7D623A56-6BE0-4758-BCA5-4411B6FFE6EA}"
EndProject
Project("{9A19103F-16F7-4668-BE54-9A1E7A4F7556}") = "RelationalRedisGraphQLAPI", "RelationalRedisGraphQLAPI\RelationalRedisGraphQLAPI.csproj", "{D7838C18-0603-40ED-A9E7-7625F85BCC85}"
EndProject
Project("{FAE04EC0-301F-11D3-BF4B-00C04F79EFBC}") = "Adapters.Interfaces", "Adapters.Interfaces\Adapters.Interfaces.csproj", "{6645BCB6-AEAE-4D60-83D4-9D9401F4F4E7}"
EndProject
Global
	GlobalSection(SolutionConfigurationPlatforms) = preSolution
		Debug|Any CPU = Debug|Any CPU
		Release|Any CPU = Release|Any CPU
	EndGlobalSection
	GlobalSection(ProjectConfigurationPlatforms) = postSolution
		{A84C2974-DA34-49C0-B8B3-E173CBE1E000}.Debug|Any CPU.ActiveCfg = Debug|Any CPU
		{A84C2974-DA34-49C0-B8B3-E173CBE1E000}.Debug|Any CPU.Build.0 = Debug|Any CPU
		{A84C2974-DA34-49C0-B8B3-E173CBE1E000}.Release|Any CPU.ActiveCfg = Release|Any CPU
		{A84C2974-DA34-49C0-B8B3-E173CBE1E000}.Release|Any CPU.Build.0 = Release|Any CPU
		{ED91EA2E-BDD5-4317-A4DF-B4CEF84507CA}.Debug|Any CPU.ActiveCfg = Debug|Any CPU
		{ED91EA2E-BDD5-4317-A4DF-B4CEF84507CA}.Debug|Any CPU.Build.0 = Debug|Any CPU
		{ED91EA2E-BDD5-4317-A4DF-B4CEF84507CA}.Release|Any CPU.ActiveCfg = Release|Any CPU
		{ED91EA2E-BDD5-4317-A4DF-B4CEF84507CA}.Release|Any CPU.Build.0 = Release|Any CPU
		{BF1A3DF7-4F11-49F8-B13F-A84BF8AA08D1}.Debug|Any CPU.ActiveCfg = Debug|Any CPU
		{BF1A3DF7-4F11-49F8-B13F-A84BF8AA08D1}.Debug|Any CPU.Build.0 = Debug|Any CPU
		{BF1A3DF7-4F11-49F8-B13F-A84BF8AA08D1}.Release|Any CPU.ActiveCfg = Release|Any CPU
		{BF1A3DF7-4F11-49F8-B13F-A84BF8AA08D1}.Release|Any CPU.Build.0 = Release|Any CPU
		{E5EB910D-04A5-4944-8B4F-CF4458BDCC14}.Debug|Any CPU.ActiveCfg = Debug|Any CPU
		{E5EB910D-04A5-4944-8B4F-CF4458BDCC14}.Debug|Any CPU.Build.0 = Debug|Any CPU
		{E5EB910D-04A5-4944-8B4F-CF4458BDCC14}.Release|Any CPU.ActiveCfg = Release|Any CPU
		{E5EB910D-04A5-4944-8B4F-CF4458BDCC14}.Release|Any CPU.Build.0 = Release|Any CPU
		{7D623A56-6BE0-4758-BCA5-4411B6FFE6EA}.Debug|Any CPU.ActiveCfg = Debug|Any CPU
		{7D623A56-6BE0-4758-BCA5-4411B6FFE6EA}.Debug|Any CPU.Build.0 = Debug|Any CPU
		{7D623A56-6BE0-4758-BCA5-4411B6FFE6EA}.Release|Any CPU.ActiveCfg = Release|Any CPU
		{7D623A56-6BE0-4758-BCA5-4411B6FFE6EA}.Release|Any CPU.Build.0 = Release|Any CPU
		{D7838C18-0603-40ED-A9E7-7625F85BCC85}.Debug|Any CPU.ActiveCfg = Debug|Any CPU
		{D7838C18-0603-40ED-A9E7-7625F85BCC85}.Debug|Any CPU.Build.0 = Debug|Any CPU
		{D7838C18-0603-40ED-A9E7-7625F85BCC85}.Release|Any CPU.ActiveCfg = Release|Any CPU
		{D7838C18-0603-40ED-A9E7-7625F85BCC85}.Release|Any CPU.Build.0 = Release|Any CPU
		{6645BCB6-AEAE-4D60-83D4-9D9401F4F4E7}.Debug|Any CPU.ActiveCfg = Debug|Any CPU
		{6645BCB6-AEAE-4D60-83D4-9D9401F4F4E7}.Debug|Any CPU.Build.0 = Debug|Any CPU
		{6645BCB6-AEAE-4D60-83D4-9D9401F4F4E7}.Release|Any CPU.ActiveCfg = Release|Any CPU
		{6645BCB6-AEAE-4D60-83D4-9D9401F4F4E7}.Release|Any CPU.Build.0 = Release|Any CPU
	EndGlobalSection
	GlobalSection(SolutionProperties) = preSolution
		HideSolutionNode = FALSE
	EndGlobalSection
	GlobalSection(ExtensibilityGlobals) = postSolution
		SolutionGuid = {E6B7123A-7254-41B6-B3C9-9DD18CE540DD}
	EndGlobalSection
EndGlobal
